
Microsoft Visual Studio Solution File, Format Version 12.00
# Visual Studio Version 17
VisualStudioVersion = 17.3.32811.315
MinimumVisualStudioVersion = 10.0.40219.1
Project("{FAE04EC0-301F-11D3-BF4B-00C04F79EFBC}") = "OOOPrintedFamily", "OOOPrintedFamily\OOOPrintedFamily.csproj", "{A8A481DC-83B5-4E76-82BC-9FA596C13A34}"
EndProject
Global
	GlobalSection(SolutionConfigurationPlatforms) = preSolution
		Debug|Any CPU = Debug|Any CPU
		Release|Any CPU = Release|Any CPU
	EndGlobalSection
	GlobalSection(ProjectConfigurationPlatforms) = postSolution
		{A8A481DC-83B5-4E76-82BC-9FA596C13A34}.Debug|Any CPU.ActiveCfg = Debug|Any CPU
		{A8A481DC-83B5-4E76-82BC-9FA596C13A34}.Debug|Any CPU.Build.0 = Debug|Any CPU
		{A8A481DC-83B5-4E76-82BC-9FA596C13A34}.Release|Any CPU.ActiveCfg = Release|Any CPU
		{A8A481DC-83B5-4E76-82BC-9FA596C13A34}.Release|Any CPU.Build.0 = Release|Any CPU
	EndGlobalSection
	GlobalSection(SolutionProperties) = preSolution
		HideSolutionNode = FALSE
	EndGlobalSection
	GlobalSection(ExtensibilityGlobals) = postSolution
		SolutionGuid = {E0BFE7CB-897F-4DA7-A092-0B83D55541AD}
	EndGlobalSection
EndGlobal
